
Microsoft Visual Studio Solution File, Format Version 12.00
# Visual Studio 15
VisualStudioVersion = 15.0.26730.8
MinimumVisualStudioVersion = 10.0.40219.1
Project("{FAE04EC0-301F-11D3-BF4B-00C04F79EFBC}") = "SSO", "SSO\SSO.csproj", "{71A823EF-BF42-4D03-8B69-299D192B81EF}"
EndProject
Project("{E24C65DC-7377-472B-9ABA-BC803B73C61A}") = "WebFormSite1(1)", "..\WebFormSite1\", "{1E6C11E2-6E75-4065-8C71-638D0EB87076}"
	ProjectSection(WebsiteProperties) = preProject
		TargetFrameworkMoniker = ".NETFramework,Version%3Dv4.5"
		Debug.AspNetCompiler.VirtualPath = "/localhost_10978"
		Debug.AspNetCompiler.PhysicalPath = "..\WebFormSite1\"
		Debug.AspNetCompiler.TargetPath = "PrecompiledWeb\localhost_10978\"
		Debug.AspNetCompiler.Updateable = "true"
		Debug.AspNetCompiler.ForceOverwrite = "true"
		Debug.AspNetCompiler.FixedNames = "false"
		Debug.AspNetCompiler.Debug = "True"
		Release.AspNetCompiler.VirtualPath = "/localhost_10978"
		Release.AspNetCompiler.PhysicalPath = "..\WebFormSite1\"
		Release.AspNetCompiler.TargetPath = "PrecompiledWeb\localhost_10978\"
		Release.AspNetCompiler.Updateable = "true"
		Release.AspNetCompiler.ForceOverwrite = "true"
		Release.AspNetCompiler.FixedNames = "false"
		Release.AspNetCompiler.Debug = "False"
		VWDPort = "10978"
		SlnRelativePath = "..\WebFormSite1\"
	EndProjectSection
EndProject
Project("{E24C65DC-7377-472B-9ABA-BC803B73C61A}") = "WebFormSite2(1)", "..\WebFormSite2\", "{C39491E2-D8EA-4FF6-89C6-8EAE8959A9F0}"
	ProjectSection(WebsiteProperties) = preProject
		TargetFrameworkMoniker = ".NETFramework,Version%3Dv4.5"
		Debug.AspNetCompiler.VirtualPath = "/localhost_10985"
		Debug.AspNetCompiler.PhysicalPath = "..\WebFormSite2\"
		Debug.AspNetCompiler.TargetPath = "PrecompiledWeb\localhost_10985\"
		Debug.AspNetCompiler.Updateable = "true"
		Debug.AspNetCompiler.ForceOverwrite = "true"
		Debug.AspNetCompiler.FixedNames = "false"
		Debug.AspNetCompiler.Debug = "True"
		Release.AspNetCompiler.VirtualPath = "/localhost_10985"
		Release.AspNetCompiler.PhysicalPath = "..\WebFormSite2\"
		Release.AspNetCompiler.TargetPath = "PrecompiledWeb\localhost_10985\"
		Release.AspNetCompiler.Updateable = "true"
		Release.AspNetCompiler.ForceOverwrite = "true"
		Release.AspNetCompiler.FixedNames = "false"
		Release.AspNetCompiler.Debug = "False"
		VWDPort = "10985"
		SlnRelativePath = "..\WebFormSite2\"
	EndProjectSection
EndProject
Global
	GlobalSection(SolutionConfigurationPlatforms) = preSolution
		Debug|Any CPU = Debug|Any CPU
		Release|Any CPU = Release|Any CPU
	EndGlobalSection
	GlobalSection(ProjectConfigurationPlatforms) = postSolution
		{71A823EF-BF42-4D03-8B69-299D192B81EF}.Debug|Any CPU.ActiveCfg = Debug|Any CPU
		{71A823EF-BF42-4D03-8B69-299D192B81EF}.Debug|Any CPU.Build.0 = Debug|Any CPU
		{71A823EF-BF42-4D03-8B69-299D192B81EF}.Release|Any CPU.ActiveCfg = Release|Any CPU
		{71A823EF-BF42-4D03-8B69-299D192B81EF}.Release|Any CPU.Build.0 = Release|Any CPU
		{1E6C11E2-6E75-4065-8C71-638D0EB87076}.Debug|Any CPU.ActiveCfg = Debug|Any CPU
		{1E6C11E2-6E75-4065-8C71-638D0EB87076}.Debug|Any CPU.Build.0 = Debug|Any CPU
		{1E6C11E2-6E75-4065-8C71-638D0EB87076}.Release|Any CPU.ActiveCfg = Debug|Any CPU
		{1E6C11E2-6E75-4065-8C71-638D0EB87076}.Release|Any CPU.Build.0 = Debug|Any CPU
		{C39491E2-D8EA-4FF6-89C6-8EAE8959A9F0}.Debug|Any CPU.ActiveCfg = Debug|Any CPU
		{C39491E2-D8EA-4FF6-89C6-8EAE8959A9F0}.Debug|Any CPU.Build.0 = Debug|Any CPU
		{C39491E2-D8EA-4FF6-89C6-8EAE8959A9F0}.Release|Any CPU.ActiveCfg = Debug|Any CPU
		{C39491E2-D8EA-4FF6-89C6-8EAE8959A9F0}.Release|Any CPU.Build.0 = Debug|Any CPU
	EndGlobalSection
	GlobalSection(SolutionProperties) = preSolution
		HideSolutionNode = FALSE
	EndGlobalSection
	GlobalSection(ExtensibilityGlobals) = postSolution
		SolutionGuid = {EF56050A-7368-4422-B318-AB2AFEA43A49}
	EndGlobalSection
EndGlobal
